
Microsoft Visual Studio Solution File, Format Version 12.00
# Visual Studio Version 16
VisualStudioVersion = 16.0.30907.101
MinimumVisualStudioVersion = 10.0.40219.1
Project("{FAE04EC0-301F-11D3-BF4B-00C04F79EFBC}") = "Dinstagram", "Dinstagram\Dinstagram.csproj", "{D96CF770-2A00-4EEA-8418-F319C4CF2CD9}"
EndProject
Global
	GlobalSection(SolutionConfigurationPlatforms) = preSolution
		Debug|Any CPU = Debug|Any CPU
		Release|Any CPU = Release|Any CPU
	EndGlobalSection
	GlobalSection(ProjectConfigurationPlatforms) = postSolution
		{D96CF770-2A00-4EEA-8418-F319C4CF2CD9}.Debug|Any CPU.ActiveCfg = Debug|Any CPU
		{D96CF770-2A00-4EEA-8418-F319C4CF2CD9}.Debug|Any CPU.Build.0 = Debug|Any CPU
		{D96CF770-2A00-4EEA-8418-F319C4CF2CD9}.Release|Any CPU.ActiveCfg = Release|Any CPU
		{D96CF770-2A00-4EEA-8418-F319C4CF2CD9}.Release|Any CPU.Build.0 = Release|Any CPU
	EndGlobalSection
	GlobalSection(SolutionProperties) = preSolution
		HideSolutionNode = FALSE
	EndGlobalSection
	GlobalSection(ExtensibilityGlobals) = postSolution
		SolutionGuid = {D9A99FB9-0C5D-417B-B4DD-EE9A740B1F27}
	EndGlobalSection
EndGlobal
